
Microsoft Visual Studio Solution File, Format Version 12.00
# Visual Studio Version 17
VisualStudioVersion = 17.3.32922.545
MinimumVisualStudioVersion = 10.0.40219.1
Project("{FAE04EC0-301F-11D3-BF4B-00C04F79EFBC}") = "HelloWPFApp", "HelloWPFApp\HelloWPFApp.csproj", "{D276F381-4991-4683-A80F-FD142DDD2687}"
EndProject
Global
	GlobalSection(SolutionConfigurationPlatforms) = preSolution
		Debug|Any CPU = Debug|Any CPU
		Release|Any CPU = Release|Any CPU
	EndGlobalSection
	GlobalSection(ProjectConfigurationPlatforms) = postSolution
		{D276F381-4991-4683-A80F-FD142DDD2687}.Debug|Any CPU.ActiveCfg = Debug|Any CPU
		{D276F381-4991-4683-A80F-FD142DDD2687}.Debug|Any CPU.Build.0 = Debug|Any CPU
		{D276F381-4991-4683-A80F-FD142DDD2687}.Release|Any CPU.ActiveCfg = Release|Any CPU
		{D276F381-4991-4683-A80F-FD142DDD2687}.Release|Any CPU.Build.0 = Release|Any CPU
	EndGlobalSection
	GlobalSection(SolutionProperties) = preSolution
		HideSolutionNode = FALSE
	EndGlobalSection
	GlobalSection(ExtensibilityGlobals) = postSolution
		SolutionGuid = {BF09FDA7-DE52-4177-8E34-6522B772ED00}
	EndGlobalSection
EndGlobal
